PODS:
  - Kingfisher (7.1.1)
  - NeedleFoundation (0.17.2)
  - SnapKit (5.0.1)

DEPENDENCIES:
  - Kingfisher (~> 7.0)
  - NeedleFoundation (~> 0.17)
  - SnapKit (~> 5.0)

SPEC REPOS:
  trunk:
    - Kingfisher
    - NeedleFoundation
    - SnapKit

SPEC CHECKSUMS:
  Kingfisher: f738f9c4a3415823b8e2985d10aa2d6a9f37bc4d
  NeedleFoundation: 36cfaea9ae9eb527a796f5c1df19296c722666b8
  SnapKit: 97b92857e3df3a0c71833cce143274bf6ef8e5eb

PODFILE CHECKSUM: 38790334c17d5eda5c1705c521fb8272914262f9

COCOAPODS: 1.10.0
